# THIS IS AN AUTOGENERATED FILE. DO NOT EDIT THIS FILE DIRECTLY.
# yarn lockfile v1


bignumber.js@^9.1.2:
  version "9.3.1"
  resolved "https://registry.yarnpkg.com/bignumber.js/-/bignumber.js-9.3.1.tgz#759c5aaddf2ffdc4f154f7b493e1c8770f88c4d7"
  integrity sha512-Ko0uX15oIUS7wJ3Rb30Fs6SkVbLmPBAKdlm7q9+ak9bbIeFf0MwuBsQV6z7+X768/cHsfg+WlysDWJcmthjsjQ==

flowbit@^0.1.0:
  version "0.1.0"
  resolved "https://registry.yarnpkg.com/flowbit/-/flowbit-0.1.0.tgz#16a5ec820f177cb2db93ca7569bbde8d95f5aa86"
  integrity sha512-EOwR5lzgjz9zU1E2qFr7c5KemyKtfjpqTxTeU+0BDF1xW/CeTA1INOJyVROLTtqGwyiwO/5MqHvXp1yP0a6S2Q==
  dependencies:
    bignumber.js "^9.1.2"
